
Microsoft Visual Studio Solution File, Format Version 12.00
# Visual Studio Version 17
VisualStudioVersion = 17.13.35913.81 d17.13
MinimumVisualStudioVersion = 10.0.40219.1
Project("{FAE04EC0-301F-11D3-BF4B-00C04F79EFBC}") = "UrlShortener", "UrlShortener\UrlShortener.csproj", "{522818D7-18C9-48B4-92A3-7771B72716F2}"
EndProject
Project("{FAE04EC0-301F-11D3-BF4B-00C04F79EFBC}") = "ApiGateway", "ApiGateway\ApiGateway.csproj", "{67F17FB8-D438-45B2-B8C7-D59F499BE775}"
EndProject
Global
	GlobalSection(SolutionConfigurationPlatforms) = preSolution
		Debug|Any CPU = Debug|Any CPU
		Release|Any CPU = Release|Any CPU
	EndGlobalSection
	GlobalSection(ProjectConfigurationPlatforms) = postSolution
		{522818D7-18C9-48B4-92A3-7771B72716F2}.Debug|Any CPU.ActiveCfg = Debug|Any CPU
		{522818D7-18C9-48B4-92A3-7771B72716F2}.Debug|Any CPU.Build.0 = Debug|Any CPU
		{522818D7-18C9-48B4-92A3-7771B72716F2}.Release|Any CPU.ActiveCfg = Release|Any CPU
		{522818D7-18C9-48B4-92A3-7771B72716F2}.Release|Any CPU.Build.0 = Release|Any CPU
		{67F17FB8-D438-45B2-B8C7-D59F499BE775}.Debug|Any CPU.ActiveCfg = Debug|Any CPU
		{67F17FB8-D438-45B2-B8C7-D59F499BE775}.Debug|Any CPU.Build.0 = Debug|Any CPU
		{67F17FB8-D438-45B2-B8C7-D59F499BE775}.Release|Any CPU.ActiveCfg = Release|Any CPU
		{67F17FB8-D438-45B2-B8C7-D59F499BE775}.Release|Any CPU.Build.0 = Release|Any CPU
	EndGlobalSection
	GlobalSection(SolutionProperties) = preSolution
		HideSolutionNode = FALSE
	EndGlobalSection
	GlobalSection(ExtensibilityGlobals) = postSolution
		SolutionGuid = {2E302FFC-497A-4B45-A142-283F4EBC732D}
	EndGlobalSection
EndGlobal
